
Microsoft Visual Studio Solution File, Format Version 12.00
# Visual Studio Version 17
VisualStudioVersion = 17.5.002.0
MinimumVisualStudioVersion = 10.0.40219.1
Project("{9A19103F-16F7-4668-BE54-9A1E7A4F7556}") = "servprog", "servprog.csproj", "{A15552C1-8BB8-4907-BCEC-0D95DD32AF0C}"
EndProject
Global
	GlobalSection(SolutionConfigurationPlatforms) = preSolution
		Debug|Any CPU = Debug|Any CPU
		Release|Any CPU = Release|Any CPU
	EndGlobalSection
	GlobalSection(ProjectConfigurationPlatforms) = postSolution
		{A15552C1-8BB8-4907-BCEC-0D95DD32AF0C}.Debug|Any CPU.ActiveCfg = Debug|Any CPU
		{A15552C1-8BB8-4907-BCEC-0D95DD32AF0C}.Debug|Any CPU.Build.0 = Debug|Any CPU
		{A15552C1-8BB8-4907-BCEC-0D95DD32AF0C}.Release|Any CPU.ActiveCfg = Release|Any CPU
		{A15552C1-8BB8-4907-BCEC-0D95DD32AF0C}.Release|Any CPU.Build.0 = Release|Any CPU
	EndGlobalSection
	GlobalSection(SolutionProperties) = preSolution
		HideSolutionNode = FALSE
	EndGlobalSection
	GlobalSection(ExtensibilityGlobals) = postSolution
		SolutionGuid = {7190B6B7-5BE0-4FB7-B640-B64557AB1075}
	EndGlobalSection
EndGlobal
